{
  "lockfile_version": "1",
  "packages": {
    "fluxcd@2.9.4": {
      "last_modified": "2026-08-27T07:16:00Z",
      "resolved": "github:NixOS/nixpkgs/c27cdad491a991b11ed731760aa2ef8db0cb0410#fluxcd",
      "source": "devbox-search",
      "version": "2.9.4",
      "systems": {
        "aarch64-darwin": {
          "outputs": [
            {
              "name": "out",
              "path": "/nix/store/z794fv8ah0big8icb5mzlawjz5x1m920-fluxcd-2.9.4",
              "default": true
            }
          ],
          "store_path": "/nix/store/z794fv8ah0big8icb5mzlawjz5x1m920-fluxcd-2.9.4"
        },
        "aarch64-linux": {
          "outputs": [
            {
              "name": "out",
              "path": "/nix/store/f15035db8j3rxpm8ccv2ndcyj4rq2a4y-fluxcd-2.9.4",
              "default": true
            }
          ],
          "store_path": "/nix/store/f15035db8j3rxpm8ccv2ndcyj4rq2a4y-fluxcd-2.9.4"
        },
        "x86_64-linux": {
          "outputs": [
            {
              "name": "out",
              "path": "/nix/store/pl4bhvkmlin9rq607yy7n401sbs48vgd-fluxcd-2.9.4",
              "default": true
            }
          ],
          "store_path": "/nix/store/pl4bhvkmlin9rq607yy7n401sbs48vgd-fluxcd-2.9.4"
        }
      }
    },
    "kind@0.32.0": {
      "last_modified": "2026-08-27T07:16:00Z",
      "resolved": "github:NixOS/nixpkgs/c27cdad491a991b11ed731760aa2ef8db0cb0410#kind",
      "source": "devbox-search",
      "version": "0.32.0",
      "systems": {
        "aarch64-darwin": {
          "outputs": [
            {
              "name": "out",
              "path": "/nix/store/jzvzpvkccqz0lsqlnvm74cf8kyl66m6k-kind-0.32.0",
              "default": true
            }
          ],
          "store_path": "/nix/store/jzvzpvkccqz0lsqlnvm74cf8kyl66m6k-kind-0.32.0"
        },
        "aarch64-linux": {
          "outputs": [
            {
              "name": "out",
              "path": "/nix/store/l4k5xwn2j8r5pazgky3k1467iwygphrf-kind-0.32.0",
              "default": true
            }
          ],
          "store_path": "/nix/store/l4k5xwn2j8r5pazgky3k1467iwygphrf-kind-0.32.0"
        },
        "x86_64-linux": {
          "outputs": [
            {
              "name": "out",
              "path": "/nix/store/8h2y0wx7cv9iax5rzkyjl07a494qxygl-kind-0.32.0",
              "default": true
            }
          ],
          "store_path": "/nix/store/8h2y0wx7cv9iax5rzkyjl07a494qxygl-kind-0.32.0"
        }
      }
    }
  }
}
